
Microsoft Visual Studio Solution File, Format Version 12.00
# Visual Studio 15
VisualStudioVersion = 15.0.27004.2009
MinimumVisualStudioVersion = 10.0.40219.1
Project("{FAE04EC0-301F-11D3-BF4B-00C04F79EFBC}") = "MangaGallery", "MangaGallery\MangaGallery.csproj", "{CEF2F5A8-2779-4FCC-B639-753FD681B741}"
EndProject
Global
	GlobalSection(SolutionConfigurationPlatforms) = preSolution
		Debug|Any CPU = Debug|Any CPU
		Release|Any CPU = Release|Any CPU
	EndGlobalSection
	GlobalSection(ProjectConfigurationPlatforms) = postSolution
		{CEF2F5A8-2779-4FCC-B639-753FD681B741}.Debug|Any CPU.ActiveCfg = Debug|Any CPU
		{CEF2F5A8-2779-4FCC-B639-753FD681B741}.Debug|Any CPU.Build.0 = Debug|Any CPU
		{CEF2F5A8-2779-4FCC-B639-753FD681B741}.Release|Any CPU.ActiveCfg = Release|Any CPU
		{CEF2F5A8-2779-4FCC-B639-753FD681B741}.Release|Any CPU.Build.0 = Release|Any CPU
	EndGlobalSection
	GlobalSection(SolutionProperties) = preSolution
		HideSolutionNode = FALSE
	EndGlobalSection
	GlobalSection(ExtensibilityGlobals) = postSolution
		SolutionGuid = {8772DFEA-C1F7-4054-A721-416E981970D1}
	EndGlobalSection
EndGlobal
